
Microsoft Visual Studio Solution File, Format Version 12.00
# Visual Studio 14
VisualStudioVersion = 14.0.23107.0
MinimumVisualStudioVersion = 10.0.40219.1
Project("{FAE04EC0-301F-11D3-BF4B-00C04F79EFBC}") = "CompareClasses", "CompareClasses\CompareClasses.csproj", "{11AB818C-2275-43E5-9EB5-706980987D91}"
EndProject
Project("{FAE04EC0-301F-11D3-BF4B-00C04F79EFBC}") = "SortJaggArr", "SortJaggArr\SortJaggArr.csproj", "{370C028B-F3A8-464B-B024-0006B6FF09F5}"
EndProject
Project("{FAE04EC0-301F-11D3-BF4B-00C04F79EFBC}") = "SortMatrixTests", "SortMatrixTests\SortMatrixTests.csproj", "{5E680A68-C760-4686-AA4C-09D9D403CE34}"
EndProject
Global
	GlobalSection(SolutionConfigurationPlatforms) = preSolution
		Debug|Any CPU = Debug|Any CPU
		Release|Any CPU = Release|Any CPU
	EndGlobalSection
	GlobalSection(ProjectConfigurationPlatforms) = postSolution
		{11AB818C-2275-43E5-9EB5-706980987D91}.Debug|Any CPU.ActiveCfg = Debug|Any CPU
		{11AB818C-2275-43E5-9EB5-706980987D91}.Debug|Any CPU.Build.0 = Debug|Any CPU
		{11AB818C-2275-43E5-9EB5-706980987D91}.Release|Any CPU.ActiveCfg = Release|Any CPU
		{11AB818C-2275-43E5-9EB5-706980987D91}.Release|Any CPU.Build.0 = Release|Any CPU
		{370C028B-F3A8-464B-B024-0006B6FF09F5}.Debug|Any CPU.ActiveCfg = Debug|Any CPU
		{370C028B-F3A8-464B-B024-0006B6FF09F5}.Debug|Any CPU.Build.0 = Debug|Any CPU
		{370C028B-F3A8-464B-B024-0006B6FF09F5}.Release|Any CPU.ActiveCfg = Release|Any CPU
		{370C028B-F3A8-464B-B024-0006B6FF09F5}.Release|Any CPU.Build.0 = Release|Any CPU
		{5E680A68-C760-4686-AA4C-09D9D403CE34}.Debug|Any CPU.ActiveCfg = Debug|Any CPU
		{5E680A68-C760-4686-AA4C-09D9D403CE34}.Debug|Any CPU.Build.0 = Debug|Any CPU
		{5E680A68-C760-4686-AA4C-09D9D403CE34}.Release|Any CPU.ActiveCfg = Release|Any CPU
		{5E680A68-C760-4686-AA4C-09D9D403CE34}.Release|Any CPU.Build.0 = Release|Any CPU
	EndGlobalSection
	GlobalSection(SolutionProperties) = preSolution
		HideSolutionNode = FALSE
	EndGlobalSection
EndGlobal
